{
  "name": "kuerre-worker",
  "version": "1.0.0",
  "lockfileVersion": 3,
  "requires": true,
  "packages": {
    "": {
      "name": "kuerre-worker",
      "version": "1.0.0",
      "dependencies": {
        "@crd/kuerre-core": "file:../../CORE"
      }
    },
    "../../CORE": {
      "name": "@crd/kuerre-core",
      "version": "1.0.0"
    },
    "../../kuerre-core": {
      "name": "@crd/kuerre-core",
      "version": "1.0.0",
      "extraneous": true
    },
    "node_modules/@crd/kuerre-core": {
      "resolved": "../../CORE",
      "link": true
    }
  }
}
